// !$*UTF8*$!
{
	archiveVersion = 1;
	classes = {
	};
	objectVersion = 51;
	objects = {

/* Begin PBXBuildFile section */
		6521A5462560E4BB00398DB6 /* dmzjApp.swift in Sources */ = {isa = PBXBuildFile; fileRef = 6521A5452560E4BB00398DB6 /* dmzjApp.swift */; };
		6521A54A2560E4BC00398DB6 /* Assets.xcassets in Resources */ = {isa = PBXBuildFile; fileRef = 6521A5492560E4BC00398DB6 /* Assets.xcassets */; };
		6521A54D2560E4BC00398DB6 /* Preview Assets.xcassets in Resources */ = {isa = PBXBuildFile; fileRef = 6521A54C2560E4BC00398DB6 /* Preview Assets.xcassets */; };
		6521A55D2561093500398DB6 /* NewsTab.swift in Sources */ = {isa = PBXBuildFile; fileRef = 6521A55C2561093500398DB6 /* NewsTab.swift */; };
		6521A56025610DBC00398DB6 /* NovelTab.swift in Sources */ = {isa = PBXBuildFile; fileRef = 6521A55F25610DBC00398DB6 /* NovelTab.swift */; };
		6521A56325610DC800398DB6 /* MineTab.swift in Sources */ = {isa = PBXBuildFile; fileRef = 6521A56225610DC800398DB6 /* MineTab.swift */; };
		740DAB60D6226C6BCF98B79F /* Pods_dmzj.framework in Frameworks */ = {isa = PBXBuildFile; fileRef = 206949B512CA5393917FFE6C /* Pods_dmzj.framework */; };
		D5701D1A25CCE1F000F45679 /* NewsModel.swift in Sources */ = {isa = PBXBuildFile; fileRef = D5701D1925CCE1F000F45679 /* NewsModel.swift */; };
		D5781828257888C300C9F83B /* UModel.swift in Sources */ = {isa = PBXBuildFile; fileRef = D5781827257888C300C9F83B /* UModel.swift */; };
		D57818CE2578990E00C9F83B /* ApiManager.swift in Sources */ = {isa = PBXBuildFile; fileRef = D57818CD2578990E00C9F83B /* ApiManager.swift */; };
		D5F65C2425CAA2BF006063D1 /* ComicsModel.swift in Sources */ = {isa = PBXBuildFile; fileRef = D5F65C2325CAA2BF006063D1 /* ComicsModel.swift */; };
		D5F65C2D25CB95D5006063D1 /* ComicsTab.swift in Sources */ = {isa = PBXBuildFile; fileRef = D5F65C2C25CB95D5006063D1 /* ComicsTab.swift */; };
		D5F65C3325CBA203006063D1 /* ContentView.swift in Sources */ = {isa = PBXBuildFile; fileRef = D5F65C3225CBA203006063D1 /* ContentView.swift */; };
/* End PBXBuildFile section */

/* Begin PBXFileReference section */
		206949B512CA5393917FFE6C /* Pods_dmzj.framework */ = {isa = PBXFileReference; explicitFileType = wrapper.framework; includeInIndex = 0; path = Pods_dmzj.framework; sourceTree = BUILT_PRODUCTS_DIR; };
		4EBD88D412BB54891B8934C2 /* Pods-dmzj.release.xcconfig */ = {isa = PBXFileReference; includeInIndex = 1; lastKnownFileType = text.xcconfig; name = "Pods-dmzj.release.xcconfig"; path = "Target Support Files/Pods-dmzj/Pods-dmzj.release.xcconfig"; sourceTree = "<group>"; };
		4EE384FDC53620DBA8FD3796 /* Pods-dmzj.debug.xcconfig */ = {isa = PBXFileReference; includeInIndex = 1; lastKnownFileType = text.xcconfig; name = "Pods-dmzj.debug.xcconfig"; path = "Target Support Files/Pods-dmzj/Pods-dmzj.debug.xcconfig"; sourceTree = "<group>"; };
		6521A5422560E4BB00398DB6 /* dmzj.app */ = {isa = PBXFileReference; explicitFileType = wrapper.application; includeInIndex = 0; path = dmzj.app; sourceTree = BUILT_PRODUCTS_DIR; };
		6521A5452560E4BB00398DB6 /* dmzjApp.swift */ = {isa = PBXFileReference; lastKnownFileType = sourcecode.swift; path = dmzjApp.swift; sourceTree = "<group>"; };
		6521A5492560E4BC00398DB6 /* Assets.xcassets */ = {isa = PBXFileReference; lastKnownFileType = folder.assetcatalog; path = Assets.xcassets; sourceTree = "<group>"; };
		6521A54C2560E4BC00398DB6 /* Preview Assets.xcassets */ = {isa = PBXFileReference; lastKnownFileType = folder.assetcatalog; path = "Preview Assets.xcassets"; sourceTree = "<group>"; };
		6521A54E2560E4BC00398DB6 /* Info.plist */ = {isa = PBXFileReference; lastKnownFileType = text.plist.xml; path = Info.plist; sourceTree = "<group>"; };
		6521A55C2561093500398DB6 /* NewsTab.swift */ = {isa = PBXFileReference; lastKnownFileType = sourcecode.swift; path = NewsTab.swift; sourceTree = "<group>"; };
		6521A55F25610DBC00398DB6 /* NovelTab.swift */ = {isa = PBXFileReference; lastKnownFileType = sourcecode.swift; path = NovelTab.swift; sourceTree = "<group>"; };
		6521A56225610DC800398DB6 /* MineTab.swift */ = {isa = PBXFileReference; lastKnownFileType = sourcecode.swift; path = MineTab.swift; sourceTree = "<group>"; };
		D5701D1925CCE1F000F45679 /* NewsModel.swift */ = {isa = PBXFileReference; lastKnownFileType = sourcecode.swift; path = NewsModel.swift; sourceTree = "<group>"; };
		D5781827257888C300C9F83B /* UModel.swift */ = {isa = PBXFileReference; lastKnownFileType = sourcecode.swift; path = UModel.swift; sourceTree = "<group>"; };
		D57818CD2578990E00C9F83B /* ApiManager.swift */ = {isa = PBXFileReference; lastKnownFileType = sourcecode.swift; path = ApiManager.swift; sourceTree = "<group>"; };
		D5DD07D525C112960002059F /* GalleryItems.json */ = {isa = PBXFileReference; lastKnownFileType = text.json; path = GalleryItems.json; sourceTree = "<group>"; };
		D5F65C2325CAA2BF006063D1 /* ComicsModel.swift */ = {isa = PBXFileReference; lastKnownFileType = sourcecode.swift; path = ComicsModel.swift; sourceTree = "<group>"; };
		D5F65C2C25CB95D5006063D1 /* ComicsTab.swift */ = {isa = PBXFileReference; lastKnownFileType = sourcecode.swift; path = ComicsTab.swift; sourceTree = "<group>"; };
		D5F65C3225CBA203006063D1 /* ContentView.swift */ = {isa = PBXFileReference; lastKnownFileType = sourcecode.swift; path = ContentView.swift; sourceTree = "<group>"; };
/* End PBXFileReference section */

/* Begin PBXFrameworksBuildPhase section */
		6521A53F2560E4BB00398DB6 /* Frameworks */ = {
			isa = PBXFrameworksBuildPhase;
			buildActionMask = 2147483647;
			files = (
				740DAB60D6226C6BCF98B79F /* Pods_dmzj.framework in Frameworks */,
			);
			runOnlyForDeploymentPostprocessing = 0;
		};
/* End PBXFrameworksBuildPhase section */

/* Begin PBXGroup section */
		113E9FE829DE8DDF916F101E /* Frameworks */ = {
			isa = PBXGroup;
			children = (
				206949B512CA5393917FFE6C /* Pods_dmzj.framework */,
			);
			name = Frameworks;
			sourceTree = "<group>";
		};
		288036F28E0E1AB723529B91 /* Pods */ = {
			isa = PBXGroup;
			children = (
				4EE384FDC53620DBA8FD3796 /* Pods-dmzj.debug.xcconfig */,
				4EBD88D412BB54891B8934C2 /* Pods-dmzj.release.xcconfig */,
			);
			path = Pods;
			sourceTree = "<group>";
		};
		6521A5392560E4BB00398DB6 = {
			isa = PBXGroup;
			children = (
				6521A5442560E4BB00398DB6 /* dmzj */,
				6521A5432560E4BB00398DB6 /* Products */,
				288036F28E0E1AB723529B91 /* Pods */,
				113E9FE829DE8DDF916F101E /* Frameworks */,
			);
			sourceTree = "<group>";
		};
		6521A5432560E4BB00398DB6 /* Products */ = {
			isa = PBXGroup;
			children = (
				6521A5422560E4BB00398DB6 /* dmzj.app */,
			);
			name = Products;
			sourceTree = "<group>";
		};
		6521A5442560E4BB00398DB6 /* dmzj */ = {
			isa = PBXGroup;
			children = (
				D5781826257888A000C9F83B /* model */,
				D5781819257887EF00C9F83B /* api */,
				6521A555256106D200398DB6 /* comment */,
				6521A5452560E4BB00398DB6 /* dmzjApp.swift */,
				D5F65C3225CBA203006063D1 /* ContentView.swift */,
				6521A5492560E4BC00398DB6 /* Assets.xcassets */,
				6521A54E2560E4BC00398DB6 /* Info.plist */,
				6521A54B2560E4BC00398DB6 /* Preview Content */,
			);
			path = dmzj;
			sourceTree = "<group>";
		};
		6521A54B2560E4BC00398DB6 /* Preview Content */ = {
			isa = PBXGroup;
			children = (
				6521A54C2560E4BC00398DB6 /* Preview Assets.xcassets */,
			);
			path = "Preview Content";
			sourceTree = "<group>";
		};
		6521A555256106D200398DB6 /* comment */ = {
			isa = PBXGroup;
			children = (
				6521A56A256110F400398DB6 /* mine */,
				6521A569256110ED00398DB6 /* novel */,
				6521A557256106F800398DB6 /* news */,
				6521A556256106E800398DB6 /* comics */,
			);
			path = comment;
			sourceTree = "<group>";
		};
		6521A556256106E800398DB6 /* comics */ = {
			isa = PBXGroup;
			children = (
				D5F65C2325CAA2BF006063D1 /* ComicsModel.swift */,
				D5F65C2C25CB95D5006063D1 /* ComicsTab.swift */,
			);
			path = comics;
			sourceTree = "<group>";
		};
		6521A557256106F800398DB6 /* news */ = {
			isa = PBXGroup;
			children = (
				6521A55C2561093500398DB6 /* NewsTab.swift */,
				D5701D1925CCE1F000F45679 /* NewsModel.swift */,
			);
			path = news;
			sourceTree = "<group>";
		};
		6521A569256110ED00398DB6 /* novel */ = {
			isa = PBXGroup;
			children = (
				6521A55F25610DBC00398DB6 /* NovelTab.swift */,
			);
			path = novel;
			sourceTree = "<group>";
		};
		6521A56A256110F400398DB6 /* mine */ = {
			isa = PBXGroup;
			children = (
				6521A56225610DC800398DB6 /* MineTab.swift */,
			);
			path = mine;
			sourceTree = "<group>";
		};
		D5781819257887EF00C9F83B /* api */ = {
			isa = PBXGroup;
			children = (
				D57818CD2578990E00C9F83B /* ApiManager.swift */,
			);
			path = api;
			sourceTree = "<group>";
		};
		D5781826257888A000C9F83B /* model */ = {
			isa = PBXGroup;
			children = (
				D5781827257888C300C9F83B /* UModel.swift */,
				D5DD07D525C112960002059F /* GalleryItems.json */,
			);
			path = model;
			sourceTree = "<group>";
		};
/* End PBXGroup section */

/* Begin PBXNativeTarget section */
		6521A5412560E4BB00398DB6 /* dmzj */ = {
			isa = PBXNativeTarget;
			buildConfigurationList = 6521A5512560E4BC00398DB6 /* Build configuration list for PBXNativeTarget "dmzj" */;
			buildPhases = (
				E82C169A774F204B9F611F3E /* [CP] Check Pods Manifest.lock */,
				6521A53E2560E4BB00398DB6 /* Sources */,
				6521A53F2560E4BB00398DB6 /* Frameworks */,
				6521A5402560E4BB00398DB6 /* Resources */,
				800A2BA6AADFF45A2087D47D /* [CP] Embed Pods Frameworks */,
			);
			buildRules = (
			);
			dependencies = (
			);
			name = dmzj;
			productName = dmzj;
			productReference = 6521A5422560E4BB00398DB6 /* dmzj.app */;
			productType = "com.apple.product-type.application";
		};
/* End PBXNativeTarget section */

/* Begin PBXProject section */
		6521A53A2560E4BB00398DB6 /* Project object */ = {
			isa = PBXProject;
			attributes = {
				LastSwiftUpdateCheck = 1220;
				LastUpgradeCheck = 1220;
				TargetAttributes = {
					6521A5412560E4BB00398DB6 = {
						CreatedOnToolsVersion = 12.2;
					};
				};
			};
			buildConfigurationList = 6521A53D2560E4BB00398DB6 /* Build configuration list for PBXProject "dmzj" */;
			compatibilityVersion = "Xcode 9.3";
			developmentRegion = en;
			hasScannedForEncodings = 0;
			knownRegions = (
				en,
				Base,
			);
			mainGroup = 6521A5392560E4BB00398DB6;
			productRefGroup = 6521A5432560E4BB00398DB6 /* Products */;
			projectDirPath = "";
			projectRoot = "";
			targets = (
				6521A5412560E4BB00398DB6 /* dmzj */,
			);
		};
/* End PBXProject section */

/* Begin PBXResourcesBuildPhase section */
		6521A5402560E4BB00398DB6 /* Resources */ = {
			isa = PBXResourcesBuildPhase;
			buildActionMask = 2147483647;
			files = (
				6521A54D2560E4BC00398DB6 /* Preview Assets.xcassets in Resources */,
				6521A54A2560E4BC00398DB6 /* Assets.xcassets in Resources */,
			);
			runOnlyForDeploymentPostprocessing = 0;
		};
/* End PBXResourcesBuildPhase section */

/* Begin PBXShellScriptBuildPhase section */
		800A2BA6AADFF45A2087D47D /* [CP] Embed Pods Frameworks */ = {
			isa = PBXShellScriptBuildPhase;
			buildActionMask = 2147483647;
			files = (
			);
			inputFileListPaths = (
				"${PODS_ROOT}/Target Support Files/Pods-dmzj/Pods-dmzj-frameworks-${CONFIGURATION}-input-files.xcfilelist",
			);
			name = "[CP] Embed Pods Frameworks";
			outputFileListPaths = (
				"${PODS_ROOT}/Target Support Files/Pods-dmzj/Pods-dmzj-frameworks-${CONFIGURATION}-output-files.xcfilelist",
			);
			runOnlyForDeploymentPostprocessing = 0;
			shellPath = /bin/sh;
			shellScript = "\"${PODS_ROOT}/Target Support Files/Pods-dmzj/Pods-dmzj-frameworks.sh\"\n";
			showEnvVarsInLog = 0;
		};
		E82C169A774F204B9F611F3E /* [CP] Check Pods Manifest.lock */ = {
			isa = PBXShellScriptBuildPhase;
			buildActionMask = 2147483647;
			files = (
			);
			inputFileListPaths = (
			);
			inputPaths = (
				"${PODS_PODFILE_DIR_PATH}/Podfile.lock",
				"${PODS_ROOT}/Manifest.lock",
			);
			name = "[CP] Check Pods Manifest.lock";
			outputFileListPaths = (
			);
			outputPaths = (
				"$(DERIVED_FILE_DIR)/Pods-dmzj-checkManifestLockResult.txt",
			);
			runOnlyForDeploymentPostprocessing = 0;
			shellPath = /bin/sh;
			shellScript = "diff \"${PODS_PODFILE_DIR_PATH}/Podfile.lock\" \"${PODS_ROOT}/Manifest.lock\" > /dev/null\nif [ $? != 0 ] ; then\n    # print error to STDERR\n    echo \"error: The sandbox is not in sync with the Podfile.lock. Run 'pod install' or update your CocoaPods installation.\" >&2\n    exit 1\nfi\n# This output is used by Xcode 'outputs' to avoid re-running this script phase.\necho \"SUCCESS\" > \"${SCRIPT_OUTPUT_FILE_0}\"\n";
			showEnvVarsInLog = 0;
		};
/* End PBXShellScriptBuildPhase section */

/* Begin PBXSourcesBuildPhase section */
		6521A53E2560E4BB00398DB6 /* Sources */ = {
			isa = PBXSourcesBuildPhase;
			buildActionMask = 2147483647;
			files = (
				6521A56325610DC800398DB6 /* MineTab.swift in Sources */,
				D57818CE2578990E00C9F83B /* ApiManager.swift in Sources */,
				6521A56025610DBC00398DB6 /* NovelTab.swift in Sources */,
				D5F65C2425CAA2BF006063D1 /* ComicsModel.swift in Sources */,
				D5701D1A25CCE1F000F45679 /* NewsModel.swift in Sources */,
				6521A55D2561093500398DB6 /* NewsTab.swift in Sources */,
				D5F65C2D25CB95D5006063D1 /* ComicsTab.swift in Sources */,
				D5F65C3325CBA203006063D1 /* ContentView.swift in Sources */,
				D5781828257888C300C9F83B /* UModel.swift in Sources */,
				6521A5462560E4BB00398DB6 /* dmzjApp.swift in Sources */,
			);
			runOnlyForDeploymentPostprocessing = 0;
		};
/* End PBXSourcesBuildPhase section */

/* Begin XCBuildConfiguration section */
		6521A54F2560E4BC00398DB6 /* Debug */ = {
			isa = XCBuildConfiguration;
			buildSettings = {
				ALWAYS_SEARCH_USER_PATHS = NO;
				CLANG_ANALYZER_NONNULL = YES;
				CLANG_ANALYZER_NUMBER_OBJECT_CONVERSION = YES_AGGRESSIVE;
				CLANG_CXX_LANGUAGE_STANDARD = "gnu++14";
				CLANG_CXX_LIBRARY = "libc++";
				CLANG_ENABLE_MODULES = YES;
				CLANG_ENABLE_OBJC_ARC = YES;
				CLANG_ENABLE_OBJC_WEAK = YES;
				CLANG_WARN_BLOCK_CAPTURE_AUTORELEASING = YES;
				CLANG_WARN_BOOL_CONVERSION = YES;
				CLANG_WARN_COMMA = YES;
				CLANG_WARN_CONSTANT_CONVERSION = YES;
				CLANG_WARN_DEPRECATED_OBJC_IMPLEMENTATIONS = YES;
				CLANG_WARN_DIRECT_OBJC_ISA_USAGE = YES_ERROR;
				CLANG_WARN_DOCUMENTATION_COMMENTS = YES;
				CLANG_WARN_EMPTY_BODY = YES;
				CLANG_WARN_ENUM_CONVERSION = YES;
				CLANG_WARN_INFINITE_RECURSION = YES;
				CLANG_WARN_INT_CONVERSION = YES;
				CLANG_WARN_NON_LITERAL_NULL_CONVERSION = YES;
				CLANG_WARN_OBJC_IMPLICIT_RETAIN_SELF = YES;
				CLANG_WARN_OBJC_LITERAL_CONVERSION = YES;
				CLANG_WARN_OBJC_ROOT_CLASS = YES_ERROR;
				CLANG_WARN_QUOTED_INCLUDE_IN_FRAMEWORK_HEADER = YES;
				CLANG_WARN_RANGE_LOOP_ANALYSIS = YES;
				CLANG_WARN_STRICT_PROTOTYPES = YES;
				CLANG_WARN_SUSPICIOUS_MOVE = YES;
				CLANG_WARN_UNGUARDED_AVAILABILITY = YES_AGGRESSIVE;
				CLANG_WARN_UNREACHABLE_CODE = YES;
				CLANG_WARN__DUPLICATE_METHOD_MATCH = YES;
				COPY_PHASE_STRIP = NO;
				DEBUG_INFORMATION_FORMAT = dwarf;
				ENABLE_STRICT_OBJC_MSGSEND = YES;
				ENABLE_TESTABILITY = YES;
				GCC_C_LANGUAGE_STANDARD = gnu11;
				GCC_DYNAMIC_NO_PIC = NO;
				GCC_NO_COMMON_BLOCKS = YES;
				GCC_OPTIMIZATION_LEVEL = 0;
				GCC_PREPROCESSOR_DEFINITIONS = (
					"DEBUG=1",
					"$(inherited)",
				);
				GCC_WARN_64_TO_32_BIT_CONVERSION = YES;
				GCC_WARN_ABOUT_RETURN_TYPE = YES_ERROR;
				GCC_WARN_UNDECLARED_SELECTOR = YES;
				GCC_WARN_UNINITIALIZED_AUTOS = YES_AGGRESSIVE;
				GCC_WARN_UNUSED_FUNCTION = YES;
				GCC_WARN_UNUSED_VARIABLE = YES;
				IPHONEOS_DEPLOYMENT_TARGET = 14.2;
				MTL_ENABLE_DEBUG_INFO = INCLUDE_SOURCE;
				MTL_FAST_MATH = YES;
				ONLY_ACTIVE_ARCH = YES;
				SDKROOT = iphoneos;
				SWIFT_ACTIVE_COMPILATION_CONDITIONS = DEBUG;
				SWIFT_OPTIMIZATION_LEVEL = "-Onone";
			};
			name = Debug;
		};
		6521A5502560E4BC00398DB6 /* Release */ = {
			isa = XCBuildConfiguration;
			buildSettings = {
				ALWAYS_SEARCH_USER_PATHS = NO;
				CLANG_ANALYZER_NONNULL = YES;
				CLANG_ANALYZER_NUMBER_OBJECT_CONVERSION = YES_AGGRESSIVE;
				CLANG_CXX_LANGUAGE_STANDARD = "gnu++14";
				CLANG_CXX_LIBRARY = "libc++";
				CLANG_ENABLE_MODULES = YES;
				CLANG_ENABLE_OBJC_ARC = YES;
				CLANG_ENABLE_OBJC_WEAK = YES;
				CLANG_WARN_BLOCK_CAPTURE_AUTORELEASING = YES;
				CLANG_WARN_BOOL_CONVERSION = YES;
				CLANG_WARN_COMMA = YES;
				CLANG_WARN_CONSTANT_CONVERSION = YES;
				CLANG_WARN_DEPRECATED_OBJC_IMPLEMENTATIONS = YES;
				CLANG_WARN_DIRECT_OBJC_ISA_USAGE = YES_ERROR;
				CLANG_WARN_DOCUMENTATION_COMMENTS = YES;
				CLANG_WARN_EMPTY_BODY = YES;
				CLANG_WARN_ENUM_CONVERSION = YES;
				CLANG_WARN_INFINITE_RECURSION = YES;
				CLANG_WARN_INT_CONVERSION = YES;
				CLANG_WARN_NON_LITERAL_NULL_CONVERSION = YES;
				CLANG_WARN_OBJC_IMPLICIT_RETAIN_SELF = YES;
				CLANG_WARN_OBJC_LITERAL_CONVERSION = YES;
				CLANG_WARN_OBJC_ROOT_CLASS = YES_ERROR;
				CLANG_WARN_QUOTED_INCLUDE_IN_FRAMEWORK_HEADER = YES;
				CLANG_WARN_RANGE_LOOP_ANALYSIS = YES;
				CLANG_WARN_STRICT_PROTOTYPES = YES;
				CLANG_WARN_SUSPICIOUS_MOVE = YES;
				CLANG_WARN_UNGUARDED_AVAILABILITY = YES_AGGRESSIVE;
				CLANG_WARN_UNREACHABLE_CODE = YES;
				CLANG_WARN__DUPLICATE_METHOD_MATCH = YES;
				COPY_PHASE_STRIP = NO;
				DEBUG_INFORMATION_FORMAT = "dwarf-with-dsym";
				ENABLE_NS_ASSERTIONS = NO;
				ENABLE_STRICT_OBJC_MSGSEND = YES;
				GCC_C_LANGUAGE_STANDARD = gnu11;
				GCC_NO_COMMON_BLOCKS = YES;
				GCC_WARN_64_TO_32_BIT_CONVERSION = YES;
				GCC_WARN_ABOUT_RETURN_TYPE = YES_ERROR;
				GCC_WARN_UNDECLARED_SELECTOR = YES;
				GCC_WARN_UNINITIALIZED_AUTOS = YES_AGGRESSIVE;
				GCC_WARN_UNUSED_FUNCTION = YES;
				GCC_WARN_UNUSED_VARIABLE = YES;
				IPHONEOS_DEPLOYMENT_TARGET = 14.2;
				MTL_ENABLE_DEBUG_INFO = NO;
				MTL_FAST_MATH = YES;
				SDKROOT = iphoneos;
				SWIFT_COMPILATION_MODE = wholemodule;
				SWIFT_OPTIMIZATION_LEVEL = "-O";
				VALIDATE_PRODUCT = YES;
			};
			name = Release;
		};
		6521A5522560E4BC00398DB6 /* Debug */ = {
			isa = XCBuildConfiguration;
			baseConfigurationReference = 4EE384FDC53620DBA8FD3796 /* Pods-dmzj.debug.xcconfig */;
			buildSettings = {
				ASSETCATALOG_COMPILER_APPICON_NAME = AppIcon;
				ASSETCATALOG_COMPILER_GLOBAL_ACCENT_COLOR_NAME = AccentColor;
				CODE_SIGN_STYLE = Automatic;
				DEVELOPMENT_ASSET_PATHS = "\"dmzj/Preview Content\"";
				DEVELOPMENT_TEAM = E7UZHBF7AY;
				ENABLE_PREVIEWS = YES;
				INFOPLIST_FILE = dmzj/Info.plist;
				IPHONEOS_DEPLOYMENT_TARGET = 14.0;
				LD_RUNPATH_SEARCH_PATHS = (
					"$(inherited)",
					"@executable_path/Frameworks",
				);
				PRODUCT_BUNDLE_IDENTIFIER = com.lucio.dmzj;
				PRODUCT_NAME = "$(TARGET_NAME)";
				SWIFT_VERSION = 5.0;
				TARGETED_DEVICE_FAMILY = "1,2";
			};
			name = Debug;
		};
		6521A5532560E4BC00398DB6 /* Release */ = {
			isa = XCBuildConfiguration;
			baseConfigurationReference = 4EBD88D412BB54891B8934C2 /* Pods-dmzj.release.xcconfig */;
			buildSettings = {
				ASSETCATALOG_COMPILER_APPICON_NAME = AppIcon;
				ASSETCATALOG_COMPILER_GLOBAL_ACCENT_COLOR_NAME = AccentColor;
				CODE_SIGN_STYLE = Automatic;
				DEVELOPMENT_ASSET_PATHS = "\"dmzj/Preview Content\"";
				DEVELOPMENT_TEAM = E7UZHBF7AY;
				ENABLE_PREVIEWS = YES;
				INFOPLIST_FILE = dmzj/Info.plist;
				IPHONEOS_DEPLOYMENT_TARGET = 14.0;
				LD_RUNPATH_SEARCH_PATHS = (
					"$(inherited)",
					"@executable_path/Frameworks",
				);
				PRODUCT_BUNDLE_IDENTIFIER = com.lucio.dmzj;
				PRODUCT_NAME = "$(TARGET_NAME)";
				SWIFT_VERSION = 5.0;
				TARGETED_DEVICE_FAMILY = "1,2";
			};
			name = Release;
		};
/* End XCBuildConfiguration section */

/* Begin XCConfigurationList section */
		6521A53D2560E4BB00398DB6 /* Build configuration list for PBXProject "dmzj" */ = {
			isa = XCConfigurationList;
			buildConfigurations = (
				6521A54F2560E4BC00398DB6 /* Debug */,
				6521A5502560E4BC00398DB6 /* Release */,
			);
			defaultConfigurationIsVisible = 0;
			defaultConfigurationName = Release;
		};
		6521A5512560E4BC00398DB6 /* Build configuration list for PBXNativeTarget "dmzj" */ = {
			isa = XCConfigurationList;
			buildConfigurations = (
				6521A5522560E4BC00398DB6 /* Debug */,
				6521A5532560E4BC00398DB6 /* Release */,
			);
			defaultConfigurationIsVisible = 0;
			defaultConfigurationName = Release;
		};
/* End XCConfigurationList section */
	};
	rootObject = 6521A53A2560E4BB00398DB6 /* Project object */;
}
